
Microsoft Visual Studio Solution File, Format Version 12.00
# Visual Studio Version 17
VisualStudioVersion = 17.2.32505.173
MinimumVisualStudioVersion = 10.0.40219.1
Project("{FAE04EC0-301F-11D3-BF4B-00C04F79EFBC}") = "LinkedList Implementation", "LinkedList Implementation\LinkedList Implementation.csproj", "{C7BF877B-9B2E-403B-AB75-C1FDC544DFD2}"
EndProject
Global
	GlobalSection(SolutionConfigurationPlatforms) = preSolution
		Debug|Any CPU = Debug|Any CPU
		Release|Any CPU = Release|Any CPU
	EndGlobalSection
	GlobalSection(ProjectConfigurationPlatforms) = postSolution
		{C7BF877B-9B2E-403B-AB75-C1FDC544DFD2}.Debug|Any CPU.ActiveCfg = Debug|Any CPU
		{C7BF877B-9B2E-403B-AB75-C1FDC544DFD2}.Debug|Any CPU.Build.0 = Debug|Any CPU
		{C7BF877B-9B2E-403B-AB75-C1FDC544DFD2}.Release|Any CPU.ActiveCfg = Release|Any CPU
		{C7BF877B-9B2E-403B-AB75-C1FDC544DFD2}.Release|Any CPU.Build.0 = Release|Any CPU
	EndGlobalSection
	GlobalSection(SolutionProperties) = preSolution
		HideSolutionNode = FALSE
	EndGlobalSection
	GlobalSection(ExtensibilityGlobals) = postSolution
		SolutionGuid = {A5A80EC3-08FF-43A5-9AE1-14A74E8E4568}
	EndGlobalSection
EndGlobal
